<?xml version="1.0" encoding="utf-8"?>
<Project ToolsVersion="4.0" xmlns="http://schemas.microsoft.com/developer/msbuild/2003">
  <ItemGroup>
    <Filter Include="Source Files">
      <UniqueIdentifier>{4FC737F1-C7A5-4376-A066-2A32D752A2FF}</UniqueIdentifier>
      <Extensions>cpp;c;cc;cxx;c++;cppm;ixx;def;odl;idl;hpj;bat;asm;asmx</Extensions>
    </Filter>
    <Filter Include="Header Files">
      <UniqueIdentifier>{93995380-89BD-4b04-88EB-625FBE52EBFB}</UniqueIdentifier>
      <Extensions>h;hh;hpp;hxx;h++;hm;inl;inc;ipp;xsd</Extensions>
    </Filter>
    <Filter Include="Resource Files">
      <UniqueIdentifier>{67DA6AB6-F800-4c08-8B7A-83BB121AAD01}</UniqueIdentifier>
      <Extensions>rc;ico;cur;bmp;dlg;rc2;rct;bin;rgs;gif;jpg;jpeg;jpe;resx;tiff;tif;png;wav;mfcribbon-ms</Extensions>
    </Filter>
    <Filter Include="Resource Files\shaders">
      <UniqueIdentifier>{a4be703a-4d95-4b12-9cae-e222b597bc8f}</UniqueIdentifier>
    </Filter>
    <Filter Include="Resource Files\textures">
      <UniqueIdentifier>{c70f3051-30ed-4960-bee5-bddefd8e860d}</UniqueIdentifier>
    </Filter>
  </ItemGroup>
  <ItemGroup>
    <ClCompile Include="src\objLoader.cpp">
      <Filter>Resource Files</Filter>
    </ClCompile>
    <ClCompile Include="src\cube.cpp">
      <Filter>Source Files</Filter>
    </ClCompile>
    <ClCompile Include="src\glad.c">
      <Filter>Resource Files</Filter>
    </ClCompile>
    <ClCompile Include="src\materialLoader.cpp">
      <Filter>Resource Files</Filter>
    </ClCompile>
  </ItemGroup>
  <ItemGroup>
    <ClInclude Include="src\objLoader.h">
      <Filter>Header Files</Filter>
    </ClInclude>
    <ClInclude Include="src\linmath.h">
      <Filter>Header Files</Filter>
    </ClInclude>
    <ClInclude Include="src\stb_image.h">
      <Filter>Header Files</Filter>
    </ClInclude>
    <ClInclude Include="src\materialLoader.h">
      <Filter>Header Files</Filter>
    </ClInclude>
    <ClInclude Include="src\shader.h">
      <Filter>Header Files</Filter>
    </ClInclude>
    <ClInclude Include="model.h">
      <Filter>Header Files</Filter>
    </ClInclude>
    <ClInclude Include="entity.h">
      <Filter>Header Files</Filter>
    </ClInclude>
  </ItemGroup>
  <ItemGroup>
    <Image Include="resources\fabric.png">
      <Filter>Resource Files\textures</Filter>
    </Image>
  </ItemGroup>
  <ItemGroup>
    <None Include="src\shaders\Ambient.shader">
      <Filter>Resource Files\shaders</Filter>
    </None>
    <None Include="src\shaders\Colors.shader">
      <Filter>Resource Files\shaders</Filter>
    </None>
    <None Include="src\shaders\Diffuse.shader">
      <Filter>Resource Files\shaders</Filter>
    </None>
    <None Include="src\shaders\Light.shader">
      <Filter>Resource Files\shaders</Filter>
    </None>
    <None Include="src\shaders\Phong.shader">
      <Filter>Resource Files\shaders</Filter>
    </None>
    <None Include="src\shaders\Specular.shader">
      <Filter>Resource Files\shaders</Filter>
    </None>
    <None Include="src\shaders\Texture.shader">
      <Filter>Resource Files\shaders</Filter>
    </None>
    <None Include="src\shaders\TextureLambert.shader">
      <Filter>Resource Files\shaders</Filter>
    </None>
    <None Include="src\shaders\Material.shader">
      <Filter>Resource Files\shaders</Filter>
    </None>
  </ItemGroup>
</Project>